
Microsoft Visual Studio Solution File, Format Version 12.00
Project("{FAE04EC0-301F-11D3-BF4B-00C04F79EFBC}") = "UltrakillMod", "UltrakillMod\UltrakillMod.csproj", "{160279BF-7FE6-43FD-B544-8E5C4515D945}"
EndProject
Global
	GlobalSection(SolutionConfigurationPlatforms) = preSolution
		Debug|Any CPU = Debug|Any CPU
		Release|Any CPU = Release|Any CPU
	EndGlobalSection
	GlobalSection(ProjectConfigurationPlatforms) = postSolution
		{160279BF-7FE6-43FD-B544-8E5C4515D945}.Debug|Any CPU.ActiveCfg = Debug|Any CPU
		{160279BF-7FE6-43FD-B544-8E5C4515D945}.Debug|Any CPU.Build.0 = Debug|Any CPU
		{160279BF-7FE6-43FD-B544-8E5C4515D945}.Release|Any CPU.ActiveCfg = Release|Any CPU
		{160279BF-7FE6-43FD-B544-8E5C4515D945}.Release|Any CPU.Build.0 = Release|Any CPU
	EndGlobalSection
EndGlobal
